
Microsoft Visual Studio Solution File, Format Version 12.00
# Visual Studio Version 16
VisualStudioVersion = 16.0.29326.143
MinimumVisualStudioVersion = 10.0.40219.1
Project("{FAE04EC0-301F-11D3-BF4B-00C04F79EFBC}") = "FruteTestLiblary.bl", "FruteTestLiblary.bl\FruteTestLiblary.bl.csproj", "{9B1B5609-9443-40D7-AF31-6877287B2AD2}"
EndProject
Project("{FAE04EC0-301F-11D3-BF4B-00C04F79EFBC}") = "FruteTest.cmd", "FruteTest.cmd\FruteTest.cmd.csproj", "{88A36542-AF6A-4C6B-A554-4BCBB544A402}"
EndProject
Project("{FAE04EC0-301F-11D3-BF4B-00C04F79EFBC}") = "FruteTestLiblary.blTests", "FruteTestLiblary.blTests\FruteTestLiblary.blTests.csproj", "{B6FFF947-6BB5-4431-B0E0-F05C566B2E1F}"
EndProject
Global
	GlobalSection(SolutionConfigurationPlatforms) = preSolution
		Debug|Any CPU = Debug|Any CPU
		Release|Any CPU = Release|Any CPU
	EndGlobalSection
	GlobalSection(ProjectConfigurationPlatforms) = postSolution
		{9B1B5609-9443-40D7-AF31-6877287B2AD2}.Debug|Any CPU.ActiveCfg = Debug|Any CPU
		{9B1B5609-9443-40D7-AF31-6877287B2AD2}.Debug|Any CPU.Build.0 = Debug|Any CPU
		{9B1B5609-9443-40D7-AF31-6877287B2AD2}.Release|Any CPU.ActiveCfg = Release|Any CPU
		{9B1B5609-9443-40D7-AF31-6877287B2AD2}.Release|Any CPU.Build.0 = Release|Any CPU
		{88A36542-AF6A-4C6B-A554-4BCBB544A402}.Debug|Any CPU.ActiveCfg = Debug|Any CPU
		{88A36542-AF6A-4C6B-A554-4BCBB544A402}.Debug|Any CPU.Build.0 = Debug|Any CPU
		{88A36542-AF6A-4C6B-A554-4BCBB544A402}.Release|Any CPU.ActiveCfg = Release|Any CPU
		{88A36542-AF6A-4C6B-A554-4BCBB544A402}.Release|Any CPU.Build.0 = Release|Any CPU
		{B6FFF947-6BB5-4431-B0E0-F05C566B2E1F}.Debug|Any CPU.ActiveCfg = Debug|Any CPU
		{B6FFF947-6BB5-4431-B0E0-F05C566B2E1F}.Debug|Any CPU.Build.0 = Debug|Any CPU
		{B6FFF947-6BB5-4431-B0E0-F05C566B2E1F}.Release|Any CPU.ActiveCfg = Release|Any CPU
		{B6FFF947-6BB5-4431-B0E0-F05C566B2E1F}.Release|Any CPU.Build.0 = Release|Any CPU
	EndGlobalSection
	GlobalSection(SolutionProperties) = preSolution
		HideSolutionNode = FALSE
	EndGlobalSection
	GlobalSection(ExtensibilityGlobals) = postSolution
		SolutionGuid = {B181C691-71E6-4AA3-AE36-B415AE9A99B1}
	EndGlobalSection
EndGlobal
